
Microsoft Visual Studio Solution File, Format Version 12.00
# Visual Studio Version 17
VisualStudioVersion = 17.3.32825.248
MinimumVisualStudioVersion = 10.0.40219.1
Project("{9A19103F-16F7-4668-BE54-9A1E7A4F7556}") = "PixApi", "PixApi\PixApi.csproj", "{71580D5D-C991-44E2-9D8D-26DA61C79FF4}"
EndProject
Project("{FAE04EC0-301F-11D3-BF4B-00C04F79EFBC}") = "PixApiTest", "PixApiTest\PixApiTest.csproj", "{7FC866A4-C931-462B-903B-3A4F785BF456}"
EndProject
Global
	GlobalSection(SolutionConfigurationPlatforms) = preSolution
		Debug|Any CPU = Debug|Any CPU
		Release|Any CPU = Release|Any CPU
	EndGlobalSection
	GlobalSection(ProjectConfigurationPlatforms) = postSolution
		{71580D5D-C991-44E2-9D8D-26DA61C79FF4}.Debug|Any CPU.ActiveCfg = Debug|Any CPU
		{71580D5D-C991-44E2-9D8D-26DA61C79FF4}.Debug|Any CPU.Build.0 = Debug|Any CPU
		{71580D5D-C991-44E2-9D8D-26DA61C79FF4}.Release|Any CPU.ActiveCfg = Release|Any CPU
		{71580D5D-C991-44E2-9D8D-26DA61C79FF4}.Release|Any CPU.Build.0 = Release|Any CPU
		{7FC866A4-C931-462B-903B-3A4F785BF456}.Debug|Any CPU.ActiveCfg = Debug|Any CPU
		{7FC866A4-C931-462B-903B-3A4F785BF456}.Debug|Any CPU.Build.0 = Debug|Any CPU
		{7FC866A4-C931-462B-903B-3A4F785BF456}.Release|Any CPU.ActiveCfg = Release|Any CPU
		{7FC866A4-C931-462B-903B-3A4F785BF456}.Release|Any CPU.Build.0 = Release|Any CPU
	EndGlobalSection
	GlobalSection(SolutionProperties) = preSolution
		HideSolutionNode = FALSE
	EndGlobalSection
	GlobalSection(ExtensibilityGlobals) = postSolution
		SolutionGuid = {846CAF83-E531-4BBB-AEF0-18ADC42CCEE5}
	EndGlobalSection
EndGlobal
